
Microsoft Visual Studio Solution File, Format Version 12.00
# Visual Studio Version 16
VisualStudioVersion = 16.0.30523.141
MinimumVisualStudioVersion = 10.0.40219.1
Project("{FAE04EC0-301F-11D3-BF4B-00C04F79EFBC}") = "Testar_Métodos", "Testar_Métodos\Testar_Métodos.csproj", "{23283C4A-10E6-4214-AE71-F52C4016EAB9}"
EndProject
Global
	GlobalSection(SolutionConfigurationPlatforms) = preSolution
		Debug|Any CPU = Debug|Any CPU
		Release|Any CPU = Release|Any CPU
	EndGlobalSection
	GlobalSection(ProjectConfigurationPlatforms) = postSolution
		{23283C4A-10E6-4214-AE71-F52C4016EAB9}.Debug|Any CPU.ActiveCfg = Debug|Any CPU
		{23283C4A-10E6-4214-AE71-F52C4016EAB9}.Debug|Any CPU.Build.0 = Debug|Any CPU
		{23283C4A-10E6-4214-AE71-F52C4016EAB9}.Release|Any CPU.ActiveCfg = Release|Any CPU
		{23283C4A-10E6-4214-AE71-F52C4016EAB9}.Release|Any CPU.Build.0 = Release|Any CPU
	EndGlobalSection
	GlobalSection(SolutionProperties) = preSolution
		HideSolutionNode = FALSE
	EndGlobalSection
	GlobalSection(ExtensibilityGlobals) = postSolution
		SolutionGuid = {95482CB3-6A77-46C1-B4EE-770E78CB957A}
	EndGlobalSection
EndGlobal
