
Microsoft Visual Studio Solution File, Format Version 12.00
# Visual Studio Version 16
VisualStudioVersion = 16.0.30711.63
MinimumVisualStudioVersion = 10.0.40219.1
Project("{FAE04EC0-301F-11D3-BF4B-00C04F79EFBC}") = "P30482011005", "P30482011005\P30482011005.csproj", "{F768EA66-1306-474C-8496-E008F3ED44CB}"
EndProject
Global
	GlobalSection(SolutionConfigurationPlatforms) = preSolution
		Debug|Any CPU = Debug|Any CPU
		Release|Any CPU = Release|Any CPU
	EndGlobalSection
	GlobalSection(ProjectConfigurationPlatforms) = postSolution
		{F768EA66-1306-474C-8496-E008F3ED44CB}.Debug|Any CPU.ActiveCfg = Debug|Any CPU
		{F768EA66-1306-474C-8496-E008F3ED44CB}.Debug|Any CPU.Build.0 = Debug|Any CPU
		{F768EA66-1306-474C-8496-E008F3ED44CB}.Release|Any CPU.ActiveCfg = Release|Any CPU
		{F768EA66-1306-474C-8496-E008F3ED44CB}.Release|Any CPU.Build.0 = Release|Any CPU
	EndGlobalSection
	GlobalSection(SolutionProperties) = preSolution
		HideSolutionNode = FALSE
	EndGlobalSection
	GlobalSection(ExtensibilityGlobals) = postSolution
		SolutionGuid = {44B9A3DC-62D2-4A09-8A3F-BA8884C48423}
	EndGlobalSection
EndGlobal
